// !$*UTF8*$!
{
	archiveVersion = 1;
	classes = {
	};
	objectVersion = 56;
	objects = {

/* Begin PBXBuildFile section */
		43388EA32C7331B100E65FEA /* NavigationDelegate.swift in Sources */ = {isa = PBXBuildFile; fileRef = 43388EA22C7331B100E65FEA /* NavigationDelegate.swift */; };
		43388EA62C73341400E65FEA /* MaintenanceMainViewController.swift in Sources */ = {isa = PBXBuildFile; fileRef = 43388EA52C73341400E65FEA /* MaintenanceMainViewController.swift */; };
		43388EAB2C7334B800E65FEA /* PostDetailViewController.swift in Sources */ = {isa = PBXBuildFile; fileRef = 43388EAA2C7334B800E65FEA /* PostDetailViewController.swift */; };
		43388EAE2C73387C00E65FEA /* BoardListViewController.swift in Sources */ = {isa = PBXBuildFile; fileRef = 43388EAD2C73387C00E65FEA /* BoardListViewController.swift */; };
		433FA09E2C69C59400AC709F /* TopPartView.swift in Sources */ = {isa = PBXBuildFile; fileRef = 433FA09D2C69C59400AC709F /* TopPartView.swift */; };
		433FA0A12C69D2A800AC709F /* HexColor.swift in Sources */ = {isa = PBXBuildFile; fileRef = 433FA0A02C69D2A800AC709F /* HexColor.swift */; };
		433FA0A32C69DBF600AC709F /* BoardPartView.swift in Sources */ = {isa = PBXBuildFile; fileRef = 433FA0A22C69DBF600AC709F /* BoardPartView.swift */; };
		433FA0A52C69E96100AC709F /* InteriorPartView.swift in Sources */ = {isa = PBXBuildFile; fileRef = 433FA0A42C69E96100AC709F /* InteriorPartView.swift */; };
		433FA0A72C69EC3D00AC709F /* GarageSalePartView.swift in Sources */ = {isa = PBXBuildFile; fileRef = 433FA0A62C69EC3D00AC709F /* GarageSalePartView.swift */; };
		436BBF712C661D47006FB717 /* MainPageCommonUtils.swift in Sources */ = {isa = PBXBuildFile; fileRef = 436BBF702C661D47006FB717 /* MainPageCommonUtils.swift */; };
		436BBF742C661DDE006FB717 /* AppBarView.swift in Sources */ = {isa = PBXBuildFile; fileRef = 436BBF732C661DDE006FB717 /* AppBarView.swift */; };
		439D45832C78690A001D9FF5 /* PostUploadNavigationDelegate.swift in Sources */ = {isa = PBXBuildFile; fileRef = 439D45822C78690A001D9FF5 /* PostUploadNavigationDelegate.swift */; };
		439D45862C786981001D9FF5 /* PostUploadPageViewController.swift in Sources */ = {isa = PBXBuildFile; fileRef = 439D45852C786981001D9FF5 /* PostUploadPageViewController.swift */; };
		439D45892C786C0A001D9FF5 /* BoardNavigationCustom.swift in Sources */ = {isa = PBXBuildFile; fileRef = 439D45882C786C0A001D9FF5 /* BoardNavigationCustom.swift */; };
		439D458B2C787042001D9FF5 /* PostNavigationCustom.swift in Sources */ = {isa = PBXBuildFile; fileRef = 439D458A2C787042001D9FF5 /* PostNavigationCustom.swift */; };
		439D458D2C78708A001D9FF5 /* LineView.swift in Sources */ = {isa = PBXBuildFile; fileRef = 439D458C2C78708A001D9FF5 /* LineView.swift */; };
		439D458F2C7870B7001D9FF5 /* FullScreenImageViewController.swift in Sources */ = {isa = PBXBuildFile; fileRef = 439D458E2C7870B7001D9FF5 /* FullScreenImageViewController.swift */; };
		43B1B65B2C75A753002F5437 /* MonthlyFeeView.swift in Sources */ = {isa = PBXBuildFile; fileRef = 43B1B65A2C75A753002F5437 /* MonthlyFeeView.swift */; };
		43B1B65D2C75A9FD002F5437 /* PaymentStatusView.swift in Sources */ = {isa = PBXBuildFile; fileRef = 43B1B65C2C75A9FD002F5437 /* PaymentStatusView.swift */; };
		43B1B65F2C75AD1E002F5437 /* MonthlyFeeGraphStackView.swift in Sources */ = {isa = PBXBuildFile; fileRef = 43B1B65E2C75AD1E002F5437 /* MonthlyFeeGraphStackView.swift */; };
		43C861042C3D2168008A5A8A /* AppDelegate.swift in Sources */ = {isa = PBXBuildFile; fileRef = 43C861032C3D2168008A5A8A /* AppDelegate.swift */; };
		43C861062C3D2168008A5A8A /* SceneDelegate.swift in Sources */ = {isa = PBXBuildFile; fileRef = 43C861052C3D2168008A5A8A /* SceneDelegate.swift */; };
		43C861082C3D2168008A5A8A /* ViewController.swift in Sources */ = {isa = PBXBuildFile; fileRef = 43C861072C3D2168008A5A8A /* ViewController.swift */; };
		43C8610D2C3D216B008A5A8A /* Assets.xcassets in Resources */ = {isa = PBXBuildFile; fileRef = 43C8610C2C3D216B008A5A8A /* Assets.xcassets */; };
		43C861102C3D216B008A5A8A /* Base in Resources */ = {isa = PBXBuildFile; fileRef = 43C8610F2C3D216B008A5A8A /* Base */; };
		43C8611B2C3D216C008A5A8A /* HelloThere_UIKitTests.swift in Sources */ = {isa = PBXBuildFile; fileRef = 43C8611A2C3D216C008A5A8A /* HelloThere_UIKitTests.swift */; };
		43C861252C3D216C008A5A8A /* HelloThere_UIKitUITests.swift in Sources */ = {isa = PBXBuildFile; fileRef = 43C861242C3D216C008A5A8A /* HelloThere_UIKitUITests.swift */; };
		43C861272C3D216C008A5A8A /* HelloThere_UIKitUITestsLaunchTests.swift in Sources */ = {isa = PBXBuildFile; fileRef = 43C861262C3D216C008A5A8A /* HelloThere_UIKitUITestsLaunchTests.swift */; };
		43C86F292C6B18DE002C76C6 /* RequestApi.swift in Sources */ = {isa = PBXBuildFile; fileRef = 43C86F282C6B18DE002C76C6 /* RequestApi.swift */; };
		43C86F2B2C6B38BD002C76C6 /* TabBarCustom.swift in Sources */ = {isa = PBXBuildFile; fileRef = 43C86F2A2C6B38BD002C76C6 /* TabBarCustom.swift */; };
		43D135712C66154C0024BCB1 /* TabBarController.swift in Sources */ = {isa = PBXBuildFile; fileRef = 43D135702C66154C0024BCB1 /* TabBarController.swift */; };
		43D135732C6615D10024BCB1 /* MainPageViewController.swift in Sources */ = {isa = PBXBuildFile; fileRef = 43D135722C6615D10024BCB1 /* MainPageViewController.swift */; };
		43D135752C6615FE0024BCB1 /* ChatiingPageViewContoroller.swift in Sources */ = {isa = PBXBuildFile; fileRef = 43D135742C6615FE0024BCB1 /* ChatiingPageViewContoroller.swift */; };
		43D135772C66161F0024BCB1 /* MyPageViewController.swift in Sources */ = {isa = PBXBuildFile; fileRef = 43D135762C66161F0024BCB1 /* MyPageViewController.swift */; };
		43FEA1692C74668900DA2AF7 /* NavigationGoBackCustomView.swift in Sources */ = {isa = PBXBuildFile; fileRef = 43FEA1682C74668900DA2AF7 /* NavigationGoBackCustomView.swift */; };
		4528CD91136C6D39465D20F6 /* Pods_HelloThere_UIKitTests.framework in Frameworks */ = {isa = PBXBuildFile; fileRef = B465E0FB6D71F4480B80F801 /* Pods_HelloThere_UIKitTests.framework */; };
		8D205BD3B11F6B7C2224270A /* Pods_HelloThere_UIKit.framework in Frameworks */ = {isa = PBXBuildFile; fileRef = DCC23D51B0F34890FB00D3E2 /* Pods_HelloThere_UIKit.framework */; };
		EDADBC5733FBB19D67E99A91 /* Pods_HelloThere_UIKit_HelloThere_UIKitUITests.framework in Frameworks */ = {isa = PBXBuildFile; fileRef = 65BC06C68E9EB93D3B331397 /* Pods_HelloThere_UIKit_HelloThere_UIKitUITests.framework */; };
/* End PBXBuildFile section */

/* Begin PBXContainerItemProxy section */
		43C861172C3D216C008A5A8A /* PBXContainerItemProxy */ = {
			isa = PBXContainerItemProxy;
			containerPortal = 43C860F82C3D2168008A5A8A /* Project object */;
			proxyType = 1;
			remoteGlobalIDString = 43C860FF2C3D2168008A5A8A;
			remoteInfo = HelloThere_UIKit;
		};
		43C861212C3D216C008A5A8A /* PBXContainerItemProxy */ = {
			isa = PBXContainerItemProxy;
			containerPortal = 43C860F82C3D2168008A5A8A /* Project object */;
			proxyType = 1;
			remoteGlobalIDString = 43C860FF2C3D2168008A5A8A;
			remoteInfo = HelloThere_UIKit;
		};
/* End PBXContainerItemProxy section */

/* Begin PBXFileReference section */
		40E5B9EAECD0839282ECC297 /* Pods-HelloThere_UIKit-HelloThere_UIKitUITests.debug.xcconfig */ = {isa = PBXFileReference; includeInIndex = 1; lastKnownFileType = text.xcconfig; name = "Pods-HelloThere_UIKit-HelloThere_UIKitUITests.debug.xcconfig"; path = "Target Support Files/Pods-HelloThere_UIKit-HelloThere_UIKitUITests/Pods-HelloThere_UIKit-HelloThere_UIKitUITests.debug.xcconfig"; sourceTree = "<group>"; };
		43388EA22C7331B100E65FEA /* NavigationDelegate.swift */ = {isa = PBXFileReference; lastKnownFileType = sourcecode.swift; path = NavigationDelegate.swift; sourceTree = "<group>"; };
		43388EA52C73341400E65FEA /* MaintenanceMainViewController.swift */ = {isa = PBXFileReference; lastKnownFileType = sourcecode.swift; path = MaintenanceMainViewController.swift; sourceTree = "<group>"; };
		43388EAA2C7334B800E65FEA /* PostDetailViewController.swift */ = {isa = PBXFileReference; lastKnownFileType = sourcecode.swift; path = PostDetailViewController.swift; sourceTree = "<group>"; };
		43388EAD2C73387C00E65FEA /* BoardListViewController.swift */ = {isa = PBXFileReference; lastKnownFileType = sourcecode.swift; path = BoardListViewController.swift; sourceTree = "<group>"; };
		433FA09D2C69C59400AC709F /* TopPartView.swift */ = {isa = PBXFileReference; lastKnownFileType = sourcecode.swift; path = TopPartView.swift; sourceTree = "<group>"; };
		433FA0A02C69D2A800AC709F /* HexColor.swift */ = {isa = PBXFileReference; lastKnownFileType = sourcecode.swift; path = HexColor.swift; sourceTree = "<group>"; };
		433FA0A22C69DBF600AC709F /* BoardPartView.swift */ = {isa = PBXFileReference; lastKnownFileType = sourcecode.swift; path = BoardPartView.swift; sourceTree = "<group>"; };
		433FA0A42C69E96100AC709F /* InteriorPartView.swift */ = {isa = PBXFileReference; lastKnownFileType = sourcecode.swift; path = InteriorPartView.swift; sourceTree = "<group>"; };
		433FA0A62C69EC3D00AC709F /* GarageSalePartView.swift */ = {isa = PBXFileReference; lastKnownFileType = sourcecode.swift; path = GarageSalePartView.swift; sourceTree = "<group>"; };
		436BBF702C661D47006FB717 /* MainPageCommonUtils.swift */ = {isa = PBXFileReference; lastKnownFileType = sourcecode.swift; path = MainPageCommonUtils.swift; sourceTree = "<group>"; };
		436BBF732C661DDE006FB717 /* AppBarView.swift */ = {isa = PBXFileReference; lastKnownFileType = sourcecode.swift; path = AppBarView.swift; sourceTree = "<group>"; };
		439D45822C78690A001D9FF5 /* PostUploadNavigationDelegate.swift */ = {isa = PBXFileReference; lastKnownFileType = sourcecode.swift; path = PostUploadNavigationDelegate.swift; sourceTree = "<group>"; };
		439D45852C786981001D9FF5 /* PostUploadPageViewController.swift */ = {isa = PBXFileReference; lastKnownFileType = sourcecode.swift; path = PostUploadPageViewController.swift; sourceTree = "<group>"; };
		439D45882C786C0A001D9FF5 /* BoardNavigationCustom.swift */ = {isa = PBXFileReference; lastKnownFileType = sourcecode.swift; path = BoardNavigationCustom.swift; sourceTree = "<group>"; };
		439D458A2C787042001D9FF5 /* PostNavigationCustom.swift */ = {isa = PBXFileReference; lastKnownFileType = sourcecode.swift; path = PostNavigationCustom.swift; sourceTree = "<group>"; };
		439D458C2C78708A001D9FF5 /* LineView.swift */ = {isa = PBXFileReference; lastKnownFileType = sourcecode.swift; path = LineView.swift; sourceTree = "<group>"; };
		439D458E2C7870B7001D9FF5 /* FullScreenImageViewController.swift */ = {isa = PBXFileReference; lastKnownFileType = sourcecode.swift; path = FullScreenImageViewController.swift; sourceTree = "<group>"; };
		43B1B65A2C75A753002F5437 /* MonthlyFeeView.swift */ = {isa = PBXFileReference; lastKnownFileType = sourcecode.swift; path = MonthlyFeeView.swift; sourceTree = "<group>"; };
		43B1B65C2C75A9FD002F5437 /* PaymentStatusView.swift */ = {isa = PBXFileReference; lastKnownFileType = sourcecode.swift; path = PaymentStatusView.swift; sourceTree = "<group>"; };
		43B1B65E2C75AD1E002F5437 /* MonthlyFeeGraphStackView.swift */ = {isa = PBXFileReference; lastKnownFileType = sourcecode.swift; path = MonthlyFeeGraphStackView.swift; sourceTree = "<group>"; };
		43C861002C3D2168008A5A8A /* HelloThere_UIKit.app */ = {isa = PBXFileReference; explicitFileType = wrapper.application; includeInIndex = 0; path = HelloThere_UIKit.app; sourceTree = BUILT_PRODUCTS_DIR; };
		43C861032C3D2168008A5A8A /* AppDelegate.swift */ = {isa = PBXFileReference; lastKnownFileType = sourcecode.swift; path = AppDelegate.swift; sourceTree = "<group>"; };
		43C861052C3D2168008A5A8A /* SceneDelegate.swift */ = {isa = PBXFileReference; lastKnownFileType = sourcecode.swift; path = SceneDelegate.swift; sourceTree = "<group>"; };
		43C861072C3D2168008A5A8A /* ViewController.swift */ = {isa = PBXFileReference; lastKnownFileType = sourcecode.swift; path = ViewController.swift; sourceTree = "<group>"; };
		43C8610C2C3D216B008A5A8A /* Assets.xcassets */ = {isa = PBXFileReference; lastKnownFileType = folder.assetcatalog; path = Assets.xcassets; sourceTree = "<group>"; };
		43C8610F2C3D216B008A5A8A /* Base */ = {isa = PBXFileReference; lastKnownFileType = file.storyboard; name = Base; path = Base.lproj/LaunchScreen.storyboard; sourceTree = "<group>"; };
		43C861112C3D216B008A5A8A /* Info.plist */ = {isa = PBXFileReference; lastKnownFileType = text.plist.xml; path = Info.plist; sourceTree = "<group>"; };
		43C861162C3D216C008A5A8A /* HelloThere_UIKitTests.xctest */ = {isa = PBXFileReference; explicitFileType = wrapper.cfbundle; includeInIndex = 0; path = HelloThere_UIKitTests.xctest; sourceTree = BUILT_PRODUCTS_DIR; };
		43C8611A2C3D216C008A5A8A /* HelloThere_UIKitTests.swift */ = {isa = PBXFileReference; lastKnownFileType = sourcecode.swift; path = HelloThere_UIKitTests.swift; sourceTree = "<group>"; };
		43C861202C3D216C008A5A8A /* HelloThere_UIKitUITests.xctest */ = {isa = PBXFileReference; explicitFileType = wrapper.cfbundle; includeInIndex = 0; path = HelloThere_UIKitUITests.xctest; sourceTree = BUILT_PRODUCTS_DIR; };
		43C861242C3D216C008A5A8A /* HelloThere_UIKitUITests.swift */ = {isa = PBXFileReference; lastKnownFileType = sourcecode.swift; path = HelloThere_UIKitUITests.swift; sourceTree = "<group>"; };
		43C861262C3D216C008A5A8A /* HelloThere_UIKitUITestsLaunchTests.swift */ = {isa = PBXFileReference; lastKnownFileType = sourcecode.swift; path = HelloThere_UIKitUITestsLaunchTests.swift; sourceTree = "<group>"; };
		43C86F282C6B18DE002C76C6 /* RequestApi.swift */ = {isa = PBXFileReference; lastKnownFileType = sourcecode.swift; path = RequestApi.swift; sourceTree = "<group>"; };
		43C86F2A2C6B38BD002C76C6 /* TabBarCustom.swift */ = {isa = PBXFileReference; lastKnownFileType = sourcecode.swift; path = TabBarCustom.swift; sourceTree = "<group>"; };
		43D135702C66154C0024BCB1 /* TabBarController.swift */ = {isa = PBXFileReference; lastKnownFileType = sourcecode.swift; path = TabBarController.swift; sourceTree = "<group>"; };
		43D135722C6615D10024BCB1 /* MainPageViewController.swift */ = {isa = PBXFileReference; lastKnownFileType = sourcecode.swift; path = MainPageViewController.swift; sourceTree = "<group>"; };
		43D135742C6615FE0024BCB1 /* ChatiingPageViewContoroller.swift */ = {isa = PBXFileReference; lastKnownFileType = sourcecode.swift; path = ChatiingPageViewContoroller.swift; sourceTree = "<group>"; };
		43D135762C66161F0024BCB1 /* MyPageViewController.swift */ = {isa = PBXFileReference; lastKnownFileType = sourcecode.swift; path = MyPageViewController.swift; sourceTree = "<group>"; };
		43FEA1682C74668900DA2AF7 /* NavigationGoBackCustomView.swift */ = {isa = PBXFileReference; lastKnownFileType = sourcecode.swift; path = NavigationGoBackCustomView.swift; sourceTree = "<group>"; };
		4F469E0BB00CE897199B923E /* Pods-HelloThere_UIKit.release.xcconfig */ = {isa = PBXFileReference; includeInIndex = 1; lastKnownFileType = text.xcconfig; name = "Pods-HelloThere_UIKit.release.xcconfig"; path = "Target Support Files/Pods-HelloThere_UIKit/Pods-HelloThere_UIKit.release.xcconfig"; sourceTree = "<group>"; };
		5A76EE9E2A4E4323BE2193B8 /* Pods-HelloThere_UIKit.debug.xcconfig */ = {isa = PBXFileReference; includeInIndex = 1; lastKnownFileType = text.xcconfig; name = "Pods-HelloThere_UIKit.debug.xcconfig"; path = "Target Support Files/Pods-HelloThere_UIKit/Pods-HelloThere_UIKit.debug.xcconfig"; sourceTree = "<group>"; };
		65BC06C68E9EB93D3B331397 /* Pods_HelloThere_UIKit_HelloThere_UIKitUITests.framework */ = {isa = PBXFileReference; explicitFileType = wrapper.framework; includeInIndex = 0; path = Pods_HelloThere_UIKit_HelloThere_UIKitUITests.framework; sourceTree = BUILT_PRODUCTS_DIR; };
		886D8DE070EF652CD49AB710 /* Pods-HelloThere_UIKit-HelloThere_UIKitUITests.release.xcconfig */ = {isa = PBXFileReference; includeInIndex = 1; lastKnownFileType = text.xcconfig; name = "Pods-HelloThere_UIKit-HelloThere_UIKitUITests.release.xcconfig"; path = "Target Support Files/Pods-HelloThere_UIKit-HelloThere_UIKitUITests/Pods-HelloThere_UIKit-HelloThere_UIKitUITests.release.xcconfig"; sourceTree = "<group>"; };
		B465E0FB6D71F4480B80F801 /* Pods_HelloThere_UIKitTests.framework */ = {isa = PBXFileReference; explicitFileType = wrapper.framework; includeInIndex = 0; path = Pods_HelloThere_UIKitTests.framework; sourceTree = BUILT_PRODUCTS_DIR; };
		D981A916DDDAA2914802AA02 /* Pods-HelloThere_UIKitTests.release.xcconfig */ = {isa = PBXFileReference; includeInIndex = 1; lastKnownFileType = text.xcconfig; name = "Pods-HelloThere_UIKitTests.release.xcconfig"; path = "Target Support Files/Pods-HelloThere_UIKitTests/Pods-HelloThere_UIKitTests.release.xcconfig"; sourceTree = "<group>"; };
		DCC23D51B0F34890FB00D3E2 /* Pods_HelloThere_UIKit.framework */ = {isa = PBXFileReference; explicitFileType = wrapper.framework; includeInIndex = 0; path = Pods_HelloThere_UIKit.framework; sourceTree = BUILT_PRODUCTS_DIR; };
		F9D946CAE536567CAB176BB3 /* Pods-HelloThere_UIKitTests.debug.xcconfig */ = {isa = PBXFileReference; includeInIndex = 1; lastKnownFileType = text.xcconfig; name = "Pods-HelloThere_UIKitTests.debug.xcconfig"; path = "Target Support Files/Pods-HelloThere_UIKitTests/Pods-HelloThere_UIKitTests.debug.xcconfig"; sourceTree = "<group>"; };
/* End PBXFileReference section */

/* Begin PBXFrameworksBuildPhase section */
		43C860FD2C3D2168008A5A8A /* Frameworks */ = {
			isa = PBXFrameworksBuildPhase;
			buildActionMask = 2147483647;
			files = (
				8D205BD3B11F6B7C2224270A /* Pods_HelloThere_UIKit.framework in Frameworks */,
			);
			runOnlyForDeploymentPostprocessing = 0;
		};
		43C861132C3D216C008A5A8A /* Frameworks */ = {
			isa = PBXFrameworksBuildPhase;
			buildActionMask = 2147483647;
			files = (
				4528CD91136C6D39465D20F6 /* Pods_HelloThere_UIKitTests.framework in Frameworks */,
			);
			runOnlyForDeploymentPostprocessing = 0;
		};
		43C8611D2C3D216C008A5A8A /* Frameworks */ = {
			isa = PBXFrameworksBuildPhase;
			buildActionMask = 2147483647;
			files = (
				EDADBC5733FBB19D67E99A91 /* Pods_HelloThere_UIKit_HelloThere_UIKitUITests.framework in Frameworks */,
			);
			runOnlyForDeploymentPostprocessing = 0;
		};
/* End PBXFrameworksBuildPhase section */

/* Begin PBXGroup section */
		43388EA12C73317700E65FEA /* Protocols */ = {
			isa = PBXGroup;
			children = (
				43388EA22C7331B100E65FEA /* NavigationDelegate.swift */,
				439D45822C78690A001D9FF5 /* PostUploadNavigationDelegate.swift */,
			);
			path = Protocols;
			sourceTree = "<group>";
		};
		43388EA42C7333EC00E65FEA /* DetailViews */ = {
			isa = PBXGroup;
			children = (
				43388EA92C73348D00E65FEA /* BoardViews */,
				43388EA82C73343500E65FEA /* MaintenanceViews */,
			);
			path = DetailViews;
			sourceTree = "<group>";
		};
		43388EA82C73343500E65FEA /* MaintenanceViews */ = {
			isa = PBXGroup;
			children = (
				43388EA52C73341400E65FEA /* MaintenanceMainViewController.swift */,
				43B1B65C2C75A9FD002F5437 /* PaymentStatusView.swift */,
				43B1B65E2C75AD1E002F5437 /* MonthlyFeeGraphStackView.swift */,
				43B1B65A2C75A753002F5437 /* MonthlyFeeView.swift */,
			);
			path = MaintenanceViews;
			sourceTree = "<group>";
		};
		43388EA92C73348D00E65FEA /* BoardViews */ = {
			isa = PBXGroup;
			children = (
				439D45872C786BF0001D9FF5 /* Utils */,
				439D45842C78696C001D9FF5 /* BoardDetailViews */,
				43388EAD2C73387C00E65FEA /* BoardListViewController.swift */,
			);
			path = BoardViews;
			sourceTree = "<group>";
		};
		433FA09F2C69D29300AC709F /* CommonUtils */ = {
			isa = PBXGroup;
			children = (
				433FA0A02C69D2A800AC709F /* HexColor.swift */,
				43C86F2A2C6B38BD002C76C6 /* TabBarCustom.swift */,
				43FEA1682C74668900DA2AF7 /* NavigationGoBackCustomView.swift */,
				43C86F282C6B18DE002C76C6 /* RequestApi.swift */,
			);
			path = CommonUtils;
			sourceTree = "<group>";
		};
		436BBF6F2C661D30006FB717 /* Utils */ = {
			isa = PBXGroup;
			children = (
				436BBF702C661D47006FB717 /* MainPageCommonUtils.swift */,
			);
			path = Utils;
			sourceTree = "<group>";
		};
		436BBF722C661DC7006FB717 /* MainPageViews */ = {
			isa = PBXGroup;
			children = (
				436BBF732C661DDE006FB717 /* AppBarView.swift */,
				433FA09D2C69C59400AC709F /* TopPartView.swift */,
				433FA0A42C69E96100AC709F /* InteriorPartView.swift */,
				433FA0A22C69DBF600AC709F /* BoardPartView.swift */,
				433FA0A62C69EC3D00AC709F /* GarageSalePartView.swift */,
			);
			path = MainPageViews;
			sourceTree = "<group>";
		};
		439D45842C78696C001D9FF5 /* BoardDetailViews */ = {
			isa = PBXGroup;
			children = (
				43388EAA2C7334B800E65FEA /* PostDetailViewController.swift */,
				439D45852C786981001D9FF5 /* PostUploadPageViewController.swift */,
			);
			path = BoardDetailViews;
			sourceTree = "<group>";
		};
		439D45872C786BF0001D9FF5 /* Utils */ = {
			isa = PBXGroup;
			children = (
				439D45882C786C0A001D9FF5 /* BoardNavigationCustom.swift */,
				439D458E2C7870B7001D9FF5 /* FullScreenImageViewController.swift */,
				439D458A2C787042001D9FF5 /* PostNavigationCustom.swift */,
				439D458C2C78708A001D9FF5 /* LineView.swift */,
			);
			path = Utils;
			sourceTree = "<group>";
		};
		43C860F72C3D2168008A5A8A = {
			isa = PBXGroup;
			children = (
				43C861022C3D2168008A5A8A /* HelloThere_UIKit */,
				43C861192C3D216C008A5A8A /* HelloThere_UIKitTests */,
				43C861232C3D216C008A5A8A /* HelloThere_UIKitUITests */,
				43C861012C3D2168008A5A8A /* Products */,
				B38DA87341E92643B819DB90 /* Pods */,
				A1D7237CF174445B1978E579 /* Frameworks */,
			);
			sourceTree = "<group>";
		};
		43C861012C3D2168008A5A8A /* Products */ = {
			isa = PBXGroup;
			children = (
				43C861002C3D2168008A5A8A /* HelloThere_UIKit.app */,
				43C861162C3D216C008A5A8A /* HelloThere_UIKitTests.xctest */,
				43C861202C3D216C008A5A8A /* HelloThere_UIKitUITests.xctest */,
			);
			name = Products;
			sourceTree = "<group>";
		};
		43C861022C3D2168008A5A8A /* HelloThere_UIKit */ = {
			isa = PBXGroup;
			children = (
				43C861032C3D2168008A5A8A /* AppDelegate.swift */,
				43C861052C3D2168008A5A8A /* SceneDelegate.swift */,
				43C861072C3D2168008A5A8A /* ViewController.swift */,
				43388EA42C7333EC00E65FEA /* DetailViews */,
				43388EA12C73317700E65FEA /* Protocols */,
				433FA09F2C69D29300AC709F /* CommonUtils */,
				43D1356F2C6615070024BCB1 /* MainViews */,
				43C8610C2C3D216B008A5A8A /* Assets.xcassets */,
				43C8610E2C3D216B008A5A8A /* LaunchScreen.storyboard */,
				43C861112C3D216B008A5A8A /* Info.plist */,
			);
			path = HelloThere_UIKit;
			sourceTree = "<group>";
		};
		43C861192C3D216C008A5A8A /* HelloThere_UIKitTests */ = {
			isa = PBXGroup;
			children = (
				43C8611A2C3D216C008A5A8A /* HelloThere_UIKitTests.swift */,
			);
			path = HelloThere_UIKitTests;
			sourceTree = "<group>";
		};
		43C861232C3D216C008A5A8A /* HelloThere_UIKitUITests */ = {
			isa = PBXGroup;
			children = (
				43C861242C3D216C008A5A8A /* HelloThere_UIKitUITests.swift */,
				43C861262C3D216C008A5A8A /* HelloThere_UIKitUITestsLaunchTests.swift */,
			);
			path = HelloThere_UIKitUITests;
			sourceTree = "<group>";
		};
		43D1356F2C6615070024BCB1 /* MainViews */ = {
			isa = PBXGroup;
			children = (
				436BBF722C661DC7006FB717 /* MainPageViews */,
				436BBF6F2C661D30006FB717 /* Utils */,
				43D135702C66154C0024BCB1 /* TabBarController.swift */,
				43D135722C6615D10024BCB1 /* MainPageViewController.swift */,
				43D135742C6615FE0024BCB1 /* ChatiingPageViewContoroller.swift */,
				43D135762C66161F0024BCB1 /* MyPageViewController.swift */,
			);
			path = MainViews;
			sourceTree = "<group>";
		};
		A1D7237CF174445B1978E579 /* Frameworks */ = {
			isa = PBXGroup;
			children = (
				DCC23D51B0F34890FB00D3E2 /* Pods_HelloThere_UIKit.framework */,
				65BC06C68E9EB93D3B331397 /* Pods_HelloThere_UIKit_HelloThere_UIKitUITests.framework */,
				B465E0FB6D71F4480B80F801 /* Pods_HelloThere_UIKitTests.framework */,
			);
			name = Frameworks;
			sourceTree = "<group>";
		};
		B38DA87341E92643B819DB90 /* Pods */ = {
			isa = PBXGroup;
			children = (
				5A76EE9E2A4E4323BE2193B8 /* Pods-HelloThere_UIKit.debug.xcconfig */,
				4F469E0BB00CE897199B923E /* Pods-HelloThere_UIKit.release.xcconfig */,
				40E5B9EAECD0839282ECC297 /* Pods-HelloThere_UIKit-HelloThere_UIKitUITests.debug.xcconfig */,
				886D8DE070EF652CD49AB710 /* Pods-HelloThere_UIKit-HelloThere_UIKitUITests.release.xcconfig */,
				F9D946CAE536567CAB176BB3 /* Pods-HelloThere_UIKitTests.debug.xcconfig */,
				D981A916DDDAA2914802AA02 /* Pods-HelloThere_UIKitTests.release.xcconfig */,
			);
			path = Pods;
			sourceTree = "<group>";
		};
/* End PBXGroup section */

/* Begin PBXNativeTarget section */
		43C860FF2C3D2168008A5A8A /* HelloThere_UIKit */ = {
			isa = PBXNativeTarget;
			buildConfigurationList = 43C8612A2C3D216C008A5A8A /* Build configuration list for PBXNativeTarget "HelloThere_UIKit" */;
			buildPhases = (
				701050D453BB6F598881EDA4 /* [CP] Check Pods Manifest.lock */,
				43C860FC2C3D2168008A5A8A /* Sources */,
				43C860FD2C3D2168008A5A8A /* Frameworks */,
				43C860FE2C3D2168008A5A8A /* Resources */,
				D26415D7BF51429F04D0BD0F /* [CP] Embed Pods Frameworks */,
			);
			buildRules = (
			);
			dependencies = (
			);
			name = HelloThere_UIKit;
			productName = HelloThere_UIKit;
			productReference = 43C861002C3D2168008A5A8A /* HelloThere_UIKit.app */;
			productType = "com.apple.product-type.application";
		};
		43C861152C3D216C008A5A8A /* HelloThere_UIKitTests */ = {
			isa = PBXNativeTarget;
			buildConfigurationList = 43C8612D2C3D216C008A5A8A /* Build configuration list for PBXNativeTarget "HelloThere_UIKitTests" */;
			buildPhases = (
				8B619D4E8672EDB0333B3CAD /* [CP] Check Pods Manifest.lock */,
				43C861122C3D216C008A5A8A /* Sources */,
				43C861132C3D216C008A5A8A /* Frameworks */,
				43C861142C3D216C008A5A8A /* Resources */,
			);
			buildRules = (
			);
			dependencies = (
				43C861182C3D216C008A5A8A /* PBXTargetDependency */,
			);
			name = HelloThere_UIKitTests;
			productName = HelloThere_UIKitTests;
			productReference = 43C861162C3D216C008A5A8A /* HelloThere_UIKitTests.xctest */;
			productType = "com.apple.product-type.bundle.unit-test";
		};
		43C8611F2C3D216C008A5A8A /* HelloThere_UIKitUITests */ = {
			isa = PBXNativeTarget;
			buildConfigurationList = 43C861302C3D216C008A5A8A /* Build configuration list for PBXNativeTarget "HelloThere_UIKitUITests" */;
			buildPhases = (
				55C79963FBA2773BD49D5C0F /* [CP] Check Pods Manifest.lock */,
				43C8611C2C3D216C008A5A8A /* Sources */,
				43C8611D2C3D216C008A5A8A /* Frameworks */,
				43C8611E2C3D216C008A5A8A /* Resources */,
				91103E0519B40CD733D3DF2E /* [CP] Embed Pods Frameworks */,
			);
			buildRules = (
			);
			dependencies = (
				43C861222C3D216C008A5A8A /* PBXTargetDependency */,
			);
			name = HelloThere_UIKitUITests;
			productName = HelloThere_UIKitUITests;
			productReference = 43C861202C3D216C008A5A8A /* HelloThere_UIKitUITests.xctest */;
			productType = "com.apple.product-type.bundle.ui-testing";
		};
/* End PBXNativeTarget section */

/* Begin PBXProject section */
		43C860F82C3D2168008A5A8A /* Project object */ = {
			isa = PBXProject;
			attributes = {
				BuildIndependentTargetsInParallel = 1;
				LastSwiftUpdateCheck = 1540;
				LastUpgradeCheck = 1540;
				TargetAttributes = {
					43C860FF2C3D2168008A5A8A = {
						CreatedOnToolsVersion = 15.4;
					};
					43C861152C3D216C008A5A8A = {
						CreatedOnToolsVersion = 15.4;
						TestTargetID = 43C860FF2C3D2168008A5A8A;
					};
					43C8611F2C3D216C008A5A8A = {
						CreatedOnToolsVersion = 15.4;
						TestTargetID = 43C860FF2C3D2168008A5A8A;
					};
				};
			};
			buildConfigurationList = 43C860FB2C3D2168008A5A8A /* Build configuration list for PBXProject "HelloThere_UIKit" */;
			compatibilityVersion = "Xcode 14.0";
			developmentRegion = en;
			hasScannedForEncodings = 0;
			knownRegions = (
				en,
				Base,
			);
			mainGroup = 43C860F72C3D2168008A5A8A;
			productRefGroup = 43C861012C3D2168008A5A8A /* Products */;
			projectDirPath = "";
			projectRoot = "";
			targets = (
				43C860FF2C3D2168008A5A8A /* HelloThere_UIKit */,
				43C861152C3D216C008A5A8A /* HelloThere_UIKitTests */,
				43C8611F2C3D216C008A5A8A /* HelloThere_UIKitUITests */,
			);
		};
/* End PBXProject section */

/* Begin PBXResourcesBuildPhase section */
		43C860FE2C3D2168008A5A8A /* Resources */ = {
			isa = PBXResourcesBuildPhase;
			buildActionMask = 2147483647;
			files = (
				43C8610D2C3D216B008A5A8A /* Assets.xcassets in Resources */,
				43C861102C3D216B008A5A8A /* Base in Resources */,
			);
			runOnlyForDeploymentPostprocessing = 0;
		};
		43C861142C3D216C008A5A8A /* Resources */ = {
			isa = PBXResourcesBuildPhase;
			buildActionMask = 2147483647;
			files = (
			);
			runOnlyForDeploymentPostprocessing = 0;
		};
		43C8611E2C3D216C008A5A8A /* Resources */ = {
			isa = PBXResourcesBuildPhase;
			buildActionMask = 2147483647;
			files = (
			);
			runOnlyForDeploymentPostprocessing = 0;
		};
/* End PBXResourcesBuildPhase section */

/* Begin PBXShellScriptBuildPhase section */
		55C79963FBA2773BD49D5C0F /* [CP] Check Pods Manifest.lock */ = {
			isa = PBXShellScriptBuildPhase;
			buildActionMask = 2147483647;
			files = (
			);
			inputFileListPaths = (
			);
			inputPaths = (
				"${PODS_PODFILE_DIR_PATH}/Podfile.lock",
				"${PODS_ROOT}/Manifest.lock",
			);
			name = "[CP] Check Pods Manifest.lock";
			outputFileListPaths = (
			);
			outputPaths = (
				"$(DERIVED_FILE_DIR)/Pods-HelloThere_UIKit-HelloThere_UIKitUITests-checkManifestLockResult.txt",
			);
			runOnlyForDeploymentPostprocessing = 0;
			shellPath = /bin/sh;
			shellScript = "diff \"${PODS_PODFILE_DIR_PATH}/Podfile.lock\" \"${PODS_ROOT}/Manifest.lock\" > /dev/null\nif [ $? != 0 ] ; then\n    # print error to STDERR\n    echo \"error: The sandbox is not in sync with the Podfile.lock. Run 'pod install' or update your CocoaPods installation.\" >&2\n    exit 1\nfi\n# This output is used by Xcode 'outputs' to avoid re-running this script phase.\necho \"SUCCESS\" > \"${SCRIPT_OUTPUT_FILE_0}\"\n";
			showEnvVarsInLog = 0;
		};
		701050D453BB6F598881EDA4 /* [CP] Check Pods Manifest.lock */ = {
			isa = PBXShellScriptBuildPhase;
			buildActionMask = 2147483647;
			files = (
			);
			inputFileListPaths = (
			);
			inputPaths = (
				"${PODS_PODFILE_DIR_PATH}/Podfile.lock",
				"${PODS_ROOT}/Manifest.lock",
			);
			name = "[CP] Check Pods Manifest.lock";
			outputFileListPaths = (
			);
			outputPaths = (
				"$(DERIVED_FILE_DIR)/Pods-HelloThere_UIKit-checkManifestLockResult.txt",
			);
			runOnlyForDeploymentPostprocessing = 0;
			shellPath = /bin/sh;
			shellScript = "diff \"${PODS_PODFILE_DIR_PATH}/Podfile.lock\" \"${PODS_ROOT}/Manifest.lock\" > /dev/null\nif [ $? != 0 ] ; then\n    # print error to STDERR\n    echo \"error: The sandbox is not in sync with the Podfile.lock. Run 'pod install' or update your CocoaPods installation.\" >&2\n    exit 1\nfi\n# This output is used by Xcode 'outputs' to avoid re-running this script phase.\necho \"SUCCESS\" > \"${SCRIPT_OUTPUT_FILE_0}\"\n";
			showEnvVarsInLog = 0;
		};
		8B619D4E8672EDB0333B3CAD /* [CP] Check Pods Manifest.lock */ = {
			isa = PBXShellScriptBuildPhase;
			buildActionMask = 2147483647;
			files = (
			);
			inputFileListPaths = (
			);
			inputPaths = (
				"${PODS_PODFILE_DIR_PATH}/Podfile.lock",
				"${PODS_ROOT}/Manifest.lock",
			);
			name = "[CP] Check Pods Manifest.lock";
			outputFileListPaths = (
			);
			outputPaths = (
				"$(DERIVED_FILE_DIR)/Pods-HelloThere_UIKitTests-checkManifestLockResult.txt",
			);
			runOnlyForDeploymentPostprocessing = 0;
			shellPath = /bin/sh;
			shellScript = "diff \"${PODS_PODFILE_DIR_PATH}/Podfile.lock\" \"${PODS_ROOT}/Manifest.lock\" > /dev/null\nif [ $? != 0 ] ; then\n    # print error to STDERR\n    echo \"error: The sandbox is not in sync with the Podfile.lock. Run 'pod install' or update your CocoaPods installation.\" >&2\n    exit 1\nfi\n# This output is used by Xcode 'outputs' to avoid re-running this script phase.\necho \"SUCCESS\" > \"${SCRIPT_OUTPUT_FILE_0}\"\n";
			showEnvVarsInLog = 0;
		};
		91103E0519B40CD733D3DF2E /* [CP] Embed Pods Frameworks */ = {
			isa = PBXShellScriptBuildPhase;
			buildActionMask = 2147483647;
			files = (
			);
			inputFileListPaths = (
				"${PODS_ROOT}/Target Support Files/Pods-HelloThere_UIKit-HelloThere_UIKitUITests/Pods-HelloThere_UIKit-HelloThere_UIKitUITests-frameworks-${CONFIGURATION}-input-files.xcfilelist",
			);
			name = "[CP] Embed Pods Frameworks";
			outputFileListPaths = (
				"${PODS_ROOT}/Target Support Files/Pods-HelloThere_UIKit-HelloThere_UIKitUITests/Pods-HelloThere_UIKit-HelloThere_UIKitUITests-frameworks-${CONFIGURATION}-output-files.xcfilelist",
			);
			runOnlyForDeploymentPostprocessing = 0;
			shellPath = /bin/sh;
			shellScript = "\"${PODS_ROOT}/Target Support Files/Pods-HelloThere_UIKit-HelloThere_UIKitUITests/Pods-HelloThere_UIKit-HelloThere_UIKitUITests-frameworks.sh\"\n";
			showEnvVarsInLog = 0;
		};
		D26415D7BF51429F04D0BD0F /* [CP] Embed Pods Frameworks */ = {
			isa = PBXShellScriptBuildPhase;
			buildActionMask = 2147483647;
			files = (
			);
			inputFileListPaths = (
				"${PODS_ROOT}/Target Support Files/Pods-HelloThere_UIKit/Pods-HelloThere_UIKit-frameworks-${CONFIGURATION}-input-files.xcfilelist",
			);
			name = "[CP] Embed Pods Frameworks";
			outputFileListPaths = (
				"${PODS_ROOT}/Target Support Files/Pods-HelloThere_UIKit/Pods-HelloThere_UIKit-frameworks-${CONFIGURATION}-output-files.xcfilelist",
			);
			runOnlyForDeploymentPostprocessing = 0;
			shellPath = /bin/sh;
			shellScript = "\"${PODS_ROOT}/Target Support Files/Pods-HelloThere_UIKit/Pods-HelloThere_UIKit-frameworks.sh\"\n";
			showEnvVarsInLog = 0;
		};
/* End PBXShellScriptBuildPhase section */

/* Begin PBXSourcesBuildPhase section */
		43C860FC2C3D2168008A5A8A /* Sources */ = {
			isa = PBXSourcesBuildPhase;
			buildActionMask = 2147483647;
			files = (
				439D458D2C78708A001D9FF5 /* LineView.swift in Sources */,
				43D135752C6615FE0024BCB1 /* ChatiingPageViewContoroller.swift in Sources */,
				433FA0A72C69EC3D00AC709F /* GarageSalePartView.swift in Sources */,
				439D45892C786C0A001D9FF5 /* BoardNavigationCustom.swift in Sources */,
				43C86F292C6B18DE002C76C6 /* RequestApi.swift in Sources */,
				43C861082C3D2168008A5A8A /* ViewController.swift in Sources */,
				439D45832C78690A001D9FF5 /* PostUploadNavigationDelegate.swift in Sources */,
				439D458B2C787042001D9FF5 /* PostNavigationCustom.swift in Sources */,
				43C86F2B2C6B38BD002C76C6 /* TabBarCustom.swift in Sources */,
				433FA0A12C69D2A800AC709F /* HexColor.swift in Sources */,
				43388EAB2C7334B800E65FEA /* PostDetailViewController.swift in Sources */,
				439D45862C786981001D9FF5 /* PostUploadPageViewController.swift in Sources */,
				43B1B65F2C75AD1E002F5437 /* MonthlyFeeGraphStackView.swift in Sources */,
				433FA0A52C69E96100AC709F /* InteriorPartView.swift in Sources */,
				43D135772C66161F0024BCB1 /* MyPageViewController.swift in Sources */,
				43B1B65B2C75A753002F5437 /* MonthlyFeeView.swift in Sources */,
				43B1B65D2C75A9FD002F5437 /* PaymentStatusView.swift in Sources */,
				439D458F2C7870B7001D9FF5 /* FullScreenImageViewController.swift in Sources */,
				433FA0A32C69DBF600AC709F /* BoardPartView.swift in Sources */,
				43D135712C66154C0024BCB1 /* TabBarController.swift in Sources */,
				43388EAE2C73387C00E65FEA /* BoardListViewController.swift in Sources */,
				43D135732C6615D10024BCB1 /* MainPageViewController.swift in Sources */,
				43388EA32C7331B100E65FEA /* NavigationDelegate.swift in Sources */,
				43C861042C3D2168008A5A8A /* AppDelegate.swift in Sources */,
				433FA09E2C69C59400AC709F /* TopPartView.swift in Sources */,
				436BBF712C661D47006FB717 /* MainPageCommonUtils.swift in Sources */,
				43C861062C3D2168008A5A8A /* SceneDelegate.swift in Sources */,
				436BBF742C661DDE006FB717 /* AppBarView.swift in Sources */,
				43388EA62C73341400E65FEA /* MaintenanceMainViewController.swift in Sources */,
				43FEA1692C74668900DA2AF7 /* NavigationGoBackCustomView.swift in Sources */,
			);
			runOnlyForDeploymentPostprocessing = 0;
		};
		43C861122C3D216C008A5A8A /* Sources */ = {
			isa = PBXSourcesBuildPhase;
			buildActionMask = 2147483647;
			files = (
				43C8611B2C3D216C008A5A8A /* HelloThere_UIKitTests.swift in Sources */,
			);
			runOnlyForDeploymentPostprocessing = 0;
		};
		43C8611C2C3D216C008A5A8A /* Sources */ = {
			isa = PBXSourcesBuildPhase;
			buildActionMask = 2147483647;
			files = (
				43C861252C3D216C008A5A8A /* HelloThere_UIKitUITests.swift in Sources */,
				43C861272C3D216C008A5A8A /* HelloThere_UIKitUITestsLaunchTests.swift in Sources */,
			);
			runOnlyForDeploymentPostprocessing = 0;
		};
/* End PBXSourcesBuildPhase section */

/* Begin PBXTargetDependency section */
		43C861182C3D216C008A5A8A /* PBXTargetDependency */ = {
			isa = PBXTargetDependency;
			target = 43C860FF2C3D2168008A5A8A /* HelloThere_UIKit */;
			targetProxy = 43C861172C3D216C008A5A8A /* PBXContainerItemProxy */;
		};
		43C861222C3D216C008A5A8A /* PBXTargetDependency */ = {
			isa = PBXTargetDependency;
			target = 43C860FF2C3D2168008A5A8A /* HelloThere_UIKit */;
			targetProxy = 43C861212C3D216C008A5A8A /* PBXContainerItemProxy */;
		};
/* End PBXTargetDependency section */

/* Begin PBXVariantGroup section */
		43C8610E2C3D216B008A5A8A /* LaunchScreen.storyboard */ = {
			isa = PBXVariantGroup;
			children = (
				43C8610F2C3D216B008A5A8A /* Base */,
			);
			name = LaunchScreen.storyboard;
			sourceTree = "<group>";
		};
/* End PBXVariantGroup section */

/* Begin XCBuildConfiguration section */
		43C861282C3D216C008A5A8A /* Debug */ = {
			isa = XCBuildConfiguration;
			buildSettings = {
				ALWAYS_SEARCH_USER_PATHS = NO;
				ASSETCATALOG_COMPILER_GENERATE_SWIFT_ASSET_SYMBOL_EXTENSIONS = YES;
				CLANG_ANALYZER_NONNULL = YES;
				CLANG_ANALYZER_NUMBER_OBJECT_CONVERSION = YES_AGGRESSIVE;
				CLANG_CXX_LANGUAGE_STANDARD = "gnu++20";
				CLANG_ENABLE_MODULES = YES;
				CLANG_ENABLE_OBJC_ARC = YES;
				CLANG_ENABLE_OBJC_WEAK = YES;
				CLANG_WARN_BLOCK_CAPTURE_AUTORELEASING = YES;
				CLANG_WARN_BOOL_CONVERSION = YES;
				CLANG_WARN_COMMA = YES;
				CLANG_WARN_CONSTANT_CONVERSION = YES;
				CLANG_WARN_DEPRECATED_OBJC_IMPLEMENTATIONS = YES;
				CLANG_WARN_DIRECT_OBJC_ISA_USAGE = YES_ERROR;
				CLANG_WARN_DOCUMENTATION_COMMENTS = YES;
				CLANG_WARN_EMPTY_BODY = YES;
				CLANG_WARN_ENUM_CONVERSION = YES;
				CLANG_WARN_INFINITE_RECURSION = YES;
				CLANG_WARN_INT_CONVERSION = YES;
				CLANG_WARN_NON_LITERAL_NULL_CONVERSION = YES;
				CLANG_WARN_OBJC_IMPLICIT_RETAIN_SELF = YES;
				CLANG_WARN_OBJC_LITERAL_CONVERSION = YES;
				CLANG_WARN_OBJC_ROOT_CLASS = YES_ERROR;
				CLANG_WARN_QUOTED_INCLUDE_IN_FRAMEWORK_HEADER = YES;
				CLANG_WARN_RANGE_LOOP_ANALYSIS = YES;
				CLANG_WARN_STRICT_PROTOTYPES = YES;
				CLANG_WARN_SUSPICIOUS_MOVE = YES;
				CLANG_WARN_UNGUARDED_AVAILABILITY = YES_AGGRESSIVE;
				CLANG_WARN_UNREACHABLE_CODE = YES;
				CLANG_WARN__DUPLICATE_METHOD_MATCH = YES;
				COPY_PHASE_STRIP = NO;
				DEBUG_INFORMATION_FORMAT = dwarf;
				ENABLE_STRICT_OBJC_MSGSEND = YES;
				ENABLE_TESTABILITY = YES;
				ENABLE_USER_SCRIPT_SANDBOXING = NO;
				GCC_C_LANGUAGE_STANDARD = gnu17;
				GCC_DYNAMIC_NO_PIC = NO;
				GCC_NO_COMMON_BLOCKS = YES;
				GCC_OPTIMIZATION_LEVEL = 0;
				GCC_PREPROCESSOR_DEFINITIONS = (
					"DEBUG=1",
					"$(inherited)",
				);
				GCC_WARN_64_TO_32_BIT_CONVERSION = YES;
				GCC_WARN_ABOUT_RETURN_TYPE = YES_ERROR;
				GCC_WARN_UNDECLARED_SELECTOR = YES;
				GCC_WARN_UNINITIALIZED_AUTOS = YES_AGGRESSIVE;
				GCC_WARN_UNUSED_FUNCTION = YES;
				GCC_WARN_UNUSED_VARIABLE = YES;
				IPHONEOS_DEPLOYMENT_TARGET = 17.5;
				LOCALIZATION_PREFERS_STRING_CATALOGS = YES;
				MTL_ENABLE_DEBUG_INFO = INCLUDE_SOURCE;
				MTL_FAST_MATH = YES;
				ONLY_ACTIVE_ARCH = YES;
				SDKROOT = iphoneos;
				SWIFT_ACTIVE_COMPILATION_CONDITIONS = "DEBUG $(inherited)";
				SWIFT_OPTIMIZATION_LEVEL = "-Onone";
			};
			name = Debug;
		};
		43C861292C3D216C008A5A8A /* Release */ = {
			isa = XCBuildConfiguration;
			buildSettings = {
				ALWAYS_SEARCH_USER_PATHS = NO;
				ASSETCATALOG_COMPILER_GENERATE_SWIFT_ASSET_SYMBOL_EXTENSIONS = YES;
				CLANG_ANALYZER_NONNULL = YES;
				CLANG_ANALYZER_NUMBER_OBJECT_CONVERSION = YES_AGGRESSIVE;
				CLANG_CXX_LANGUAGE_STANDARD = "gnu++20";
				CLANG_ENABLE_MODULES = YES;
				CLANG_ENABLE_OBJC_ARC = YES;
				CLANG_ENABLE_OBJC_WEAK = YES;
				CLANG_WARN_BLOCK_CAPTURE_AUTORELEASING = YES;
				CLANG_WARN_BOOL_CONVERSION = YES;
				CLANG_WARN_COMMA = YES;
				CLANG_WARN_CONSTANT_CONVERSION = YES;
				CLANG_WARN_DEPRECATED_OBJC_IMPLEMENTATIONS = YES;
				CLANG_WARN_DIRECT_OBJC_ISA_USAGE = YES_ERROR;
				CLANG_WARN_DOCUMENTATION_COMMENTS = YES;
				CLANG_WARN_EMPTY_BODY = YES;
				CLANG_WARN_ENUM_CONVERSION = YES;
				CLANG_WARN_INFINITE_RECURSION = YES;
				CLANG_WARN_INT_CONVERSION = YES;
				CLANG_WARN_NON_LITERAL_NULL_CONVERSION = YES;
				CLANG_WARN_OBJC_IMPLICIT_RETAIN_SELF = YES;
				CLANG_WARN_OBJC_LITERAL_CONVERSION = YES;
				CLANG_WARN_OBJC_ROOT_CLASS = YES_ERROR;
				CLANG_WARN_QUOTED_INCLUDE_IN_FRAMEWORK_HEADER = YES;
				CLANG_WARN_RANGE_LOOP_ANALYSIS = YES;
				CLANG_WARN_STRICT_PROTOTYPES = YES;
				CLANG_WARN_SUSPICIOUS_MOVE = YES;
				CLANG_WARN_UNGUARDED_AVAILABILITY = YES_AGGRESSIVE;
				CLANG_WARN_UNREACHABLE_CODE = YES;
				CLANG_WARN__DUPLICATE_METHOD_MATCH = YES;
				COPY_PHASE_STRIP = NO;
				DEBUG_INFORMATION_FORMAT = "dwarf-with-dsym";
				ENABLE_NS_ASSERTIONS = NO;
				ENABLE_STRICT_OBJC_MSGSEND = YES;
				ENABLE_USER_SCRIPT_SANDBOXING = NO;
				GCC_C_LANGUAGE_STANDARD = gnu17;
				GCC_NO_COMMON_BLOCKS = YES;
				GCC_WARN_64_TO_32_BIT_CONVERSION = YES;
				GCC_WARN_ABOUT_RETURN_TYPE = YES_ERROR;
				GCC_WARN_UNDECLARED_SELECTOR = YES;
				GCC_WARN_UNINITIALIZED_AUTOS = YES_AGGRESSIVE;
				GCC_WARN_UNUSED_FUNCTION = YES;
				GCC_WARN_UNUSED_VARIABLE = YES;
				IPHONEOS_DEPLOYMENT_TARGET = 17.5;
				LOCALIZATION_PREFERS_STRING_CATALOGS = YES;
				MTL_ENABLE_DEBUG_INFO = NO;
				MTL_FAST_MATH = YES;
				SDKROOT = iphoneos;
				SWIFT_COMPILATION_MODE = wholemodule;
				VALIDATE_PRODUCT = YES;
			};
			name = Release;
		};
		43C8612B2C3D216C008A5A8A /* Debug */ = {
			isa = XCBuildConfiguration;
			baseConfigurationReference = 5A76EE9E2A4E4323BE2193B8 /* Pods-HelloThere_UIKit.debug.xcconfig */;
			buildSettings = {
				ASSETCATALOG_COMPILER_APPICON_NAME = AppIcon;
				ASSETCATALOG_COMPILER_GLOBAL_ACCENT_COLOR_NAME = AccentColor;
				CODE_SIGN_STYLE = Automatic;
				CURRENT_PROJECT_VERSION = 1;
				DEVELOPMENT_TEAM = Z9D9KTX954;
				GENERATE_INFOPLIST_FILE = YES;
				INFOPLIST_FILE = HelloThere_UIKit/Info.plist;
				INFOPLIST_KEY_UIApplicationSupportsIndirectInputEvents = YES;
				INFOPLIST_KEY_UILaunchStoryboardName = LaunchScreen;
				INFOPLIST_KEY_UIMainStoryboardFile = "";
				INFOPLIST_KEY_UISupportedInterfaceOrientations_iPad = "UIInterfaceOrientationPortrait UIInterfaceOrientationPortraitUpsideDown UIInterfaceOrientationLandscapeLeft UIInterfaceOrientationLandscapeRight";
				INFOPLIST_KEY_UISupportedInterfaceOrientations_iPhone = "UIInterfaceOrientationPortrait UIInterfaceOrientationLandscapeLeft UIInterfaceOrientationLandscapeRight";
				IPHONEOS_DEPLOYMENT_TARGET = 17.2;
				LD_RUNPATH_SEARCH_PATHS = (
					"$(inherited)",
					"@executable_path/Frameworks",
				);
				MARKETING_VERSION = 1.0;
				PRODUCT_BUNDLE_IDENTIFIER = "com.jeolim.HelloThere-UIKit";
				PRODUCT_NAME = "$(TARGET_NAME)";
				SWIFT_EMIT_LOC_STRINGS = YES;
				SWIFT_VERSION = 5.0;
				TARGETED_DEVICE_FAMILY = "1,2";
			};
			name = Debug;
		};
		43C8612C2C3D216C008A5A8A /* Release */ = {
			isa = XCBuildConfiguration;
			baseConfigurationReference = 4F469E0BB00CE897199B923E /* Pods-HelloThere_UIKit.release.xcconfig */;
			buildSettings = {
				ASSETCATALOG_COMPILER_APPICON_NAME = AppIcon;
				ASSETCATALOG_COMPILER_GLOBAL_ACCENT_COLOR_NAME = AccentColor;
				CODE_SIGN_STYLE = Automatic;
				CURRENT_PROJECT_VERSION = 1;
				DEVELOPMENT_TEAM = Z9D9KTX954;
				GENERATE_INFOPLIST_FILE = YES;
				INFOPLIST_FILE = HelloThere_UIKit/Info.plist;
				INFOPLIST_KEY_UIApplicationSupportsIndirectInputEvents = YES;
				INFOPLIST_KEY_UILaunchStoryboardName = LaunchScreen;
				INFOPLIST_KEY_UIMainStoryboardFile = "";
				INFOPLIST_KEY_UISupportedInterfaceOrientations_iPad = "UIInterfaceOrientationPortrait UIInterfaceOrientationPortraitUpsideDown UIInterfaceOrientationLandscapeLeft UIInterfaceOrientationLandscapeRight";
				INFOPLIST_KEY_UISupportedInterfaceOrientations_iPhone = "UIInterfaceOrientationPortrait UIInterfaceOrientationLandscapeLeft UIInterfaceOrientationLandscapeRight";
				IPHONEOS_DEPLOYMENT_TARGET = 17.2;
				LD_RUNPATH_SEARCH_PATHS = (
					"$(inherited)",
					"@executable_path/Frameworks",
				);
				MARKETING_VERSION = 1.0;
				PRODUCT_BUNDLE_IDENTIFIER = "com.jeolim.HelloThere-UIKit";
				PRODUCT_NAME = "$(TARGET_NAME)";
				SWIFT_EMIT_LOC_STRINGS = YES;
				SWIFT_VERSION = 5.0;
				TARGETED_DEVICE_FAMILY = "1,2";
			};
			name = Release;
		};
		43C8612E2C3D216C008A5A8A /* Debug */ = {
			isa = XCBuildConfiguration;
			baseConfigurationReference = F9D946CAE536567CAB176BB3 /* Pods-HelloThere_UIKitTests.debug.xcconfig */;
			buildSettings = {
				ALWAYS_EMBED_SWIFT_STANDARD_LIBRARIES = YES;
				BUNDLE_LOADER = "$(TEST_HOST)";
				CODE_SIGN_STYLE = Automatic;
				CURRENT_PROJECT_VERSION = 1;
				DEVELOPMENT_TEAM = Z9D9KTX954;
				GENERATE_INFOPLIST_FILE = YES;
				IPHONEOS_DEPLOYMENT_TARGET = 17.5;
				MARKETING_VERSION = 1.0;
				PRODUCT_BUNDLE_IDENTIFIER = "com.jeolim.HelloThere-UIKitTests";
				PRODUCT_NAME = "$(TARGET_NAME)";
				SWIFT_EMIT_LOC_STRINGS = NO;
				SWIFT_VERSION = 5.0;
				TARGETED_DEVICE_FAMILY = "1,2";
				TEST_HOST = "$(BUILT_PRODUCTS_DIR)/HelloThere_UIKit.app/$(BUNDLE_EXECUTABLE_FOLDER_PATH)/HelloThere_UIKit";
			};
			name = Debug;
		};
		43C8612F2C3D216C008A5A8A /* Release */ = {
			isa = XCBuildConfiguration;
			baseConfigurationReference = D981A916DDDAA2914802AA02 /* Pods-HelloThere_UIKitTests.release.xcconfig */;
			buildSettings = {
				ALWAYS_EMBED_SWIFT_STANDARD_LIBRARIES = YES;
				BUNDLE_LOADER = "$(TEST_HOST)";
				CODE_SIGN_STYLE = Automatic;
				CURRENT_PROJECT_VERSION = 1;
				DEVELOPMENT_TEAM = Z9D9KTX954;
				GENERATE_INFOPLIST_FILE = YES;
				IPHONEOS_DEPLOYMENT_TARGET = 17.5;
				MARKETING_VERSION = 1.0;
				PRODUCT_BUNDLE_IDENTIFIER = "com.jeolim.HelloThere-UIKitTests";
				PRODUCT_NAME = "$(TARGET_NAME)";
				SWIFT_EMIT_LOC_STRINGS = NO;
				SWIFT_VERSION = 5.0;
				TARGETED_DEVICE_FAMILY = "1,2";
				TEST_HOST = "$(BUILT_PRODUCTS_DIR)/HelloThere_UIKit.app/$(BUNDLE_EXECUTABLE_FOLDER_PATH)/HelloThere_UIKit";
			};
			name = Release;
		};
		43C861312C3D216C008A5A8A /* Debug */ = {
			isa = XCBuildConfiguration;
			baseConfigurationReference = 40E5B9EAECD0839282ECC297 /* Pods-HelloThere_UIKit-HelloThere_UIKitUITests.debug.xcconfig */;
			buildSettings = {
				ALWAYS_EMBED_SWIFT_STANDARD_LIBRARIES = YES;
				CODE_SIGN_STYLE = Automatic;
				CURRENT_PROJECT_VERSION = 1;
				DEVELOPMENT_TEAM = Z9D9KTX954;
				GENERATE_INFOPLIST_FILE = YES;
				MARKETING_VERSION = 1.0;
				PRODUCT_BUNDLE_IDENTIFIER = "com.jeolim.HelloThere-UIKitUITests";
				PRODUCT_NAME = "$(TARGET_NAME)";
				SWIFT_EMIT_LOC_STRINGS = NO;
				SWIFT_VERSION = 5.0;
				TARGETED_DEVICE_FAMILY = "1,2";
				TEST_TARGET_NAME = HelloThere_UIKit;
			};
			name = Debug;
		};
		43C861322C3D216C008A5A8A /* Release */ = {
			isa = XCBuildConfiguration;
			baseConfigurationReference = 886D8DE070EF652CD49AB710 /* Pods-HelloThere_UIKit-HelloThere_UIKitUITests.release.xcconfig */;
			buildSettings = {
				ALWAYS_EMBED_SWIFT_STANDARD_LIBRARIES = YES;
				CODE_SIGN_STYLE = Automatic;
				CURRENT_PROJECT_VERSION = 1;
				DEVELOPMENT_TEAM = Z9D9KTX954;
				GENERATE_INFOPLIST_FILE = YES;
				MARKETING_VERSION = 1.0;
				PRODUCT_BUNDLE_IDENTIFIER = "com.jeolim.HelloThere-UIKitUITests";
				PRODUCT_NAME = "$(TARGET_NAME)";
				SWIFT_EMIT_LOC_STRINGS = NO;
				SWIFT_VERSION = 5.0;
				TARGETED_DEVICE_FAMILY = "1,2";
				TEST_TARGET_NAME = HelloThere_UIKit;
			};
			name = Release;
		};
/* End XCBuildConfiguration section */

/* Begin XCConfigurationList section */
		43C860FB2C3D2168008A5A8A /* Build configuration list for PBXProject "HelloThere_UIKit" */ = {
			isa = XCConfigurationList;
			buildConfigurations = (
				43C861282C3D216C008A5A8A /* Debug */,
				43C861292C3D216C008A5A8A /* Release */,
			);
			defaultConfigurationIsVisible = 0;
			defaultConfigurationName = Release;
		};
		43C8612A2C3D216C008A5A8A /* Build configuration list for PBXNativeTarget "HelloThere_UIKit" */ = {
			isa = XCConfigurationList;
			buildConfigurations = (
				43C8612B2C3D216C008A5A8A /* Debug */,
				43C8612C2C3D216C008A5A8A /* Release */,
			);
			defaultConfigurationIsVisible = 0;
			defaultConfigurationName = Release;
		};
		43C8612D2C3D216C008A5A8A /* Build configuration list for PBXNativeTarget "HelloThere_UIKitTests" */ = {
			isa = XCConfigurationList;
			buildConfigurations = (
				43C8612E2C3D216C008A5A8A /* Debug */,
				43C8612F2C3D216C008A5A8A /* Release */,
			);
			defaultConfigurationIsVisible = 0;
			defaultConfigurationName = Release;
		};
		43C861302C3D216C008A5A8A /* Build configuration list for PBXNativeTarget "HelloThere_UIKitUITests" */ = {
			isa = XCConfigurationList;
			buildConfigurations = (
				43C861312C3D216C008A5A8A /* Debug */,
				43C861322C3D216C008A5A8A /* Release */,
			);
			defaultConfigurationIsVisible = 0;
			defaultConfigurationName = Release;
		};
/* End XCConfigurationList section */
	};
	rootObject = 43C860F82C3D2168008A5A8A /* Project object */;
}
